
Microsoft Visual Studio Solution File, Format Version 12.00
# Visual Studio Version 16
VisualStudioVersion = 16.0.31515.178
MinimumVisualStudioVersion = 10.0.40219.1
Project("{9A19103F-16F7-4668-BE54-9A1E7A4F7556}") = "Interview Q1 - Text_File_reader", "Interview Q1 - Text_File_reader\Interview Q1 - Text_File_reader.csproj", "{8E631EA9-DFFC-44F5-8A4D-51A3F109E935}"
EndProject
Global
	GlobalSection(SolutionConfigurationPlatforms) = preSolution
		Debug|Any CPU = Debug|Any CPU
		Release|Any CPU = Release|Any CPU
	EndGlobalSection
	GlobalSection(ProjectConfigurationPlatforms) = postSolution
		{8E631EA9-DFFC-44F5-8A4D-51A3F109E935}.Debug|Any CPU.ActiveCfg = Debug|Any CPU
		{8E631EA9-DFFC-44F5-8A4D-51A3F109E935}.Debug|Any CPU.Build.0 = Debug|Any CPU
		{8E631EA9-DFFC-44F5-8A4D-51A3F109E935}.Release|Any CPU.ActiveCfg = Release|Any CPU
		{8E631EA9-DFFC-44F5-8A4D-51A3F109E935}.Release|Any CPU.Build.0 = Release|Any CPU
	EndGlobalSection
	GlobalSection(SolutionProperties) = preSolution
		HideSolutionNode = FALSE
	EndGlobalSection
	GlobalSection(ExtensibilityGlobals) = postSolution
		SolutionGuid = {F9D83BA3-EE29-4A14-BC94-D7F88EBC680C}
	EndGlobalSection
EndGlobal
